
Microsoft Visual Studio Solution File, Format Version 12.00
# Visual Studio 2013
VisualStudioVersion = 12.0.31101.0
MinimumVisualStudioVersion = 10.0.40219.1
Project("{FAE04EC0-301F-11D3-BF4B-00C04F79EFBC}") = "sharp-blog", "sharp-blog\sharp-blog.csproj", "{24A28729-AD53-44C4-8DC4-9C4B98812B3B}"
EndProject
Project("{2150E333-8FDC-42A3-9474-1A3956D46DE8}") = "Assemblies", "Assemblies", "{1B15E640-80C2-4897-95C4-717A92CABCFF}"
EndProject
Project("{FAE04EC0-301F-11D3-BF4B-00C04F79EFBC}") = "Entities", "Entities\Entities.csproj", "{4094ABFD-341A-4FC4-9F92-FC2F7CE1E36D}"
EndProject
Project("{FAE04EC0-301F-11D3-BF4B-00C04F79EFBC}") = "Models", "Models\Models.csproj", "{83F30171-4604-4B44-8966-FBC2E43E54F9}"
EndProject
Project("{FAE04EC0-301F-11D3-BF4B-00C04F79EFBC}") = "Business", "Business\Business.csproj", "{7CECBAC9-9938-4A8D-AB18-F9DD80803384}"
EndProject
Project("{FAE04EC0-301F-11D3-BF4B-00C04F79EFBC}") = "DAL", "DAL\DAL.csproj", "{8518108E-958D-4C07-B252-8926F0A59FCA}"
EndProject
Global
	GlobalSection(SolutionConfigurationPlatforms) = preSolution
		Debug|Any CPU = Debug|Any CPU
		Release|Any CPU = Release|Any CPU
	EndGlobalSection
	GlobalSection(ProjectConfigurationPlatforms) = postSolution
		{24A28729-AD53-44C4-8DC4-9C4B98812B3B}.Debug|Any CPU.ActiveCfg = Debug|Any CPU
		{24A28729-AD53-44C4-8DC4-9C4B98812B3B}.Debug|Any CPU.Build.0 = Debug|Any CPU
		{24A28729-AD53-44C4-8DC4-9C4B98812B3B}.Release|Any CPU.ActiveCfg = Release|Any CPU
		{24A28729-AD53-44C4-8DC4-9C4B98812B3B}.Release|Any CPU.Build.0 = Release|Any CPU
		{4094ABFD-341A-4FC4-9F92-FC2F7CE1E36D}.Debug|Any CPU.ActiveCfg = Debug|Any CPU
		{4094ABFD-341A-4FC4-9F92-FC2F7CE1E36D}.Debug|Any CPU.Build.0 = Debug|Any CPU
		{4094ABFD-341A-4FC4-9F92-FC2F7CE1E36D}.Release|Any CPU.ActiveCfg = Release|Any CPU
		{4094ABFD-341A-4FC4-9F92-FC2F7CE1E36D}.Release|Any CPU.Build.0 = Release|Any CPU
		{83F30171-4604-4B44-8966-FBC2E43E54F9}.Debug|Any CPU.ActiveCfg = Debug|Any CPU
		{83F30171-4604-4B44-8966-FBC2E43E54F9}.Debug|Any CPU.Build.0 = Debug|Any CPU
		{83F30171-4604-4B44-8966-FBC2E43E54F9}.Release|Any CPU.ActiveCfg = Release|Any CPU
		{83F30171-4604-4B44-8966-FBC2E43E54F9}.Release|Any CPU.Build.0 = Release|Any CPU
		{7CECBAC9-9938-4A8D-AB18-F9DD80803384}.Debug|Any CPU.ActiveCfg = Debug|Any CPU
		{7CECBAC9-9938-4A8D-AB18-F9DD80803384}.Debug|Any CPU.Build.0 = Debug|Any CPU
		{7CECBAC9-9938-4A8D-AB18-F9DD80803384}.Release|Any CPU.ActiveCfg = Release|Any CPU
		{7CECBAC9-9938-4A8D-AB18-F9DD80803384}.Release|Any CPU.Build.0 = Release|Any CPU
		{8518108E-958D-4C07-B252-8926F0A59FCA}.Debug|Any CPU.ActiveCfg = Debug|Any CPU
		{8518108E-958D-4C07-B252-8926F0A59FCA}.Debug|Any CPU.Build.0 = Debug|Any CPU
		{8518108E-958D-4C07-B252-8926F0A59FCA}.Release|Any CPU.ActiveCfg = Release|Any CPU
		{8518108E-958D-4C07-B252-8926F0A59FCA}.Release|Any CPU.Build.0 = Release|Any CPU
	EndGlobalSection
	GlobalSection(SolutionProperties) = preSolution
		HideSolutionNode = FALSE
	EndGlobalSection
	GlobalSection(NestedProjects) = preSolution
		{4094ABFD-341A-4FC4-9F92-FC2F7CE1E36D} = {1B15E640-80C2-4897-95C4-717A92CABCFF}
		{83F30171-4604-4B44-8966-FBC2E43E54F9} = {1B15E640-80C2-4897-95C4-717A92CABCFF}
		{7CECBAC9-9938-4A8D-AB18-F9DD80803384} = {1B15E640-80C2-4897-95C4-717A92CABCFF}
		{8518108E-958D-4C07-B252-8926F0A59FCA} = {1B15E640-80C2-4897-95C4-717A92CABCFF}
	EndGlobalSection
EndGlobal
